
Microsoft Visual Studio Solution File, Format Version 12.00
# Visual Studio Version 17
VisualStudioVersion = 17.0.31903.59
MinimumVisualStudioVersion = 10.0.40219.1
Project("{FAE04EC0-301F-11D3-BF4B-00C04F79EFBC}") = "HerhOefBoerderij.StartUp", "StartUp\HerhOefBoerderij.StartUp.csproj", "{9E19A35D-714F-4E52-A2B2-5D4546ECD993}"
EndProject
Project("{FAE04EC0-301F-11D3-BF4B-00C04F79EFBC}") = "HerhOefBoerderij.Cui", "HerhOefBoerderij.Cui\HerhOefBoerderij.Cui.csproj", "{358D8A4E-96F7-457B-B642-94F150203DB8}"
EndProject
Global
	GlobalSection(SolutionConfigurationPlatforms) = preSolution
		Debug|Any CPU = Debug|Any CPU
		Release|Any CPU = Release|Any CPU
	EndGlobalSection
	GlobalSection(ProjectConfigurationPlatforms) = postSolution
		{9E19A35D-714F-4E52-A2B2-5D4546ECD993}.Debug|Any CPU.ActiveCfg = Debug|Any CPU
		{9E19A35D-714F-4E52-A2B2-5D4546ECD993}.Debug|Any CPU.Build.0 = Debug|Any CPU
		{9E19A35D-714F-4E52-A2B2-5D4546ECD993}.Release|Any CPU.ActiveCfg = Release|Any CPU
		{9E19A35D-714F-4E52-A2B2-5D4546ECD993}.Release|Any CPU.Build.0 = Release|Any CPU
		{358D8A4E-96F7-457B-B642-94F150203DB8}.Debug|Any CPU.ActiveCfg = Debug|Any CPU
		{358D8A4E-96F7-457B-B642-94F150203DB8}.Debug|Any CPU.Build.0 = Debug|Any CPU
		{358D8A4E-96F7-457B-B642-94F150203DB8}.Release|Any CPU.ActiveCfg = Release|Any CPU
		{358D8A4E-96F7-457B-B642-94F150203DB8}.Release|Any CPU.Build.0 = Release|Any CPU
	EndGlobalSection
	GlobalSection(SolutionProperties) = preSolution
		HideSolutionNode = FALSE
	EndGlobalSection
EndGlobal
