
Microsoft Visual Studio Solution File, Format Version 12.00
# Visual Studio Version 17
VisualStudioVersion = 17.0.31903.59
MinimumVisualStudioVersion = 10.0.40219.1
Project("{FAE04EC0-301F-11D3-BF4B-00C04F79EFBC}") = "HerhOefBoerderij.Cui", "HerhOefBoerderij.Cui\HerhOefBoerderij.Cui.csproj", "{358D8A4E-96F7-457B-B642-94F150203DB8}"
EndProject
Project("{FAE04EC0-301F-11D3-BF4B-00C04F79EFBC}") = "HerhOefBoerderij.StartUp", "HerhOefBoerderij.StartUp\HerhOefBoerderij.StartUp.csproj", "{3F966D15-5642-48E1-B22D-3BEE7F4FA944}"
EndProject
Global
	GlobalSection(SolutionConfigurationPlatforms) = preSolution
		Debug|Any CPU = Debug|Any CPU
		Release|Any CPU = Release|Any CPU
	EndGlobalSection
	GlobalSection(ProjectConfigurationPlatforms) = postSolution
		{358D8A4E-96F7-457B-B642-94F150203DB8}.Debug|Any CPU.ActiveCfg = Debug|Any CPU
		{358D8A4E-96F7-457B-B642-94F150203DB8}.Debug|Any CPU.Build.0 = Debug|Any CPU
		{358D8A4E-96F7-457B-B642-94F150203DB8}.Release|Any CPU.ActiveCfg = Release|Any CPU
		{358D8A4E-96F7-457B-B642-94F150203DB8}.Release|Any CPU.Build.0 = Release|Any CPU
		{3F966D15-5642-48E1-B22D-3BEE7F4FA944}.Debug|Any CPU.ActiveCfg = Debug|Any CPU
		{3F966D15-5642-48E1-B22D-3BEE7F4FA944}.Debug|Any CPU.Build.0 = Debug|Any CPU
		{3F966D15-5642-48E1-B22D-3BEE7F4FA944}.Release|Any CPU.ActiveCfg = Release|Any CPU
		{3F966D15-5642-48E1-B22D-3BEE7F4FA944}.Release|Any CPU.Build.0 = Release|Any CPU
	EndGlobalSection
	GlobalSection(SolutionProperties) = preSolution
		HideSolutionNode = FALSE
	EndGlobalSection
EndGlobal
